// !$*UTF8*$!
{
	archiveVersion = 1;
	classes = {
	};
	objectVersion = 46;
	objects = {

/* Begin PBXBuildFile section */
		07124F272018550900ADFB75 /* AdminRegisterVC.swift in Sources */ = {isa = PBXBuildFile; fileRef = 07124F262018550900ADFB75 /* AdminRegisterVC.swift */; };
		07124F292018662400ADFB75 /* BookedEventsCell.swift in Sources */ = {isa = PBXBuildFile; fileRef = 07124F282018662400ADFB75 /* BookedEventsCell.swift */; };
		07124F2B2018665E00ADFB75 /* BookedEventsVC.swift in Sources */ = {isa = PBXBuildFile; fileRef = 07124F2A2018665E00ADFB75 /* BookedEventsVC.swift */; };
		0713B3A61FFA593D005C8B11 /* DetailOfDetailVC.swift in Sources */ = {isa = PBXBuildFile; fileRef = 0713B3A01FFA593D005C8B11 /* DetailOfDetailVC.swift */; };
		0713B3A71FFA593D005C8B11 /* DetailVC.swift in Sources */ = {isa = PBXBuildFile; fileRef = 0713B3A11FFA593D005C8B11 /* DetailVC.swift */; };
		0713B3A81FFA593D005C8B11 /* EventsVC.swift in Sources */ = {isa = PBXBuildFile; fileRef = 0713B3A21FFA593D005C8B11 /* EventsVC.swift */; };
		0713B3A91FFA593D005C8B11 /* HomeVC.swift in Sources */ = {isa = PBXBuildFile; fileRef = 0713B3A31FFA593D005C8B11 /* HomeVC.swift */; };
		0713B3AA1FFA593D005C8B11 /* LoginVC.swift in Sources */ = {isa = PBXBuildFile; fileRef = 0713B3A41FFA593D005C8B11 /* LoginVC.swift */; };
		0713B3AB1FFA593D005C8B11 /* RegisterVC.swift in Sources */ = {isa = PBXBuildFile; fileRef = 0713B3A51FFA593D005C8B11 /* RegisterVC.swift */; };
		0713B3AD1FFA595B005C8B11 /* HomeVCCell.swift in Sources */ = {isa = PBXBuildFile; fileRef = 0713B3AC1FFA595B005C8B11 /* HomeVCCell.swift */; };
		0724E3891FF27D04001D6AE2 /* AppDelegate.swift in Sources */ = {isa = PBXBuildFile; fileRef = 0724E3881FF27D04001D6AE2 /* AppDelegate.swift */; };
		0724E38E1FF27D04001D6AE2 /* Main.storyboard in Resources */ = {isa = PBXBuildFile; fileRef = 0724E38C1FF27D04001D6AE2 /* Main.storyboard */; };
		0724E3901FF27D04001D6AE2 /* Assets.xcassets in Resources */ = {isa = PBXBuildFile; fileRef = 0724E38F1FF27D04001D6AE2 /* Assets.xcassets */; };
		0724E3931FF27D04001D6AE2 /* LaunchScreen.storyboard in Resources */ = {isa = PBXBuildFile; fileRef = 0724E3911FF27D04001D6AE2 /* LaunchScreen.storyboard */; };
		0724E39D1FF27D3F001D6AE2 /* Constant.swift in Sources */ = {isa = PBXBuildFile; fileRef = 0724E39C1FF27D3F001D6AE2 /* Constant.swift */; };
		073A546D2013770300704AEC /* RatingCell.swift in Sources */ = {isa = PBXBuildFile; fileRef = 073A546C2013770300704AEC /* RatingCell.swift */; };
		079F5E72200CC4C80028289E /* HomeVCModel.swift in Sources */ = {isa = PBXBuildFile; fileRef = 079F5E71200CC4C80028289E /* HomeVCModel.swift */; };
		07DC3EFE20132A3B00F28B5A /* BookingVCCell.swift in Sources */ = {isa = PBXBuildFile; fileRef = 07DC3EFD20132A3B00F28B5A /* BookingVCCell.swift */; };
		07DF5EF3200F06A300142EFF /* Reachability.swift in Sources */ = {isa = PBXBuildFile; fileRef = 07DF5EF2200F06A300142EFF /* Reachability.swift */; };
		07E49F882010662900F1CFB0 /* GoogleService-Info.plist in Resources */ = {isa = PBXBuildFile; fileRef = 07E49F872010662900F1CFB0 /* GoogleService-Info.plist */; };
		07E49F8A20107FDF00F1CFB0 /* BookingVC.swift in Sources */ = {isa = PBXBuildFile; fileRef = 07E49F8920107FDF00F1CFB0 /* BookingVC.swift */; };
		07E7D2CE20171ADE00334DC6 /* AdminLoginVC.swift in Sources */ = {isa = PBXBuildFile; fileRef = 07E7D2CD20171ADE00334DC6 /* AdminLoginVC.swift */; };
		07E7D2D020171B8200334DC6 /* AdminHomeVC.swift in Sources */ = {isa = PBXBuildFile; fileRef = 07E7D2CF20171B8200334DC6 /* AdminHomeVC.swift */; };
		EEFD4B99D413EE5A3BEC99A8 /* Pods_Event_Management.framework in Frameworks */ = {isa = PBXBuildFile; fileRef = C870F2C970A45FB43E2A18E9 /* Pods_Event_Management.framework */; };
/* End PBXBuildFile section */

/* Begin PBXFileReference section */
		07124F262018550900ADFB75 /* AdminRegisterVC.swift */ = {isa = PBXFileReference; fileEncoding = 4; lastKnownFileType = sourcecode.swift; path = AdminRegisterVC.swift; sourceTree = "<group>"; };
		07124F282018662400ADFB75 /* BookedEventsCell.swift */ = {isa = PBXFileReference; fileEncoding = 4; lastKnownFileType = sourcecode.swift; path = BookedEventsCell.swift; sourceTree = "<group>"; };
		07124F2A2018665E00ADFB75 /* BookedEventsVC.swift */ = {isa = PBXFileReference; fileEncoding = 4; lastKnownFileType = sourcecode.swift; path = BookedEventsVC.swift; sourceTree = "<group>"; };
		0713B3A01FFA593D005C8B11 /* DetailOfDetailVC.swift */ = {isa = PBXFileReference; fileEncoding = 4; lastKnownFileType = sourcecode.swift; path = DetailOfDetailVC.swift; sourceTree = "<group>"; };
		0713B3A11FFA593D005C8B11 /* DetailVC.swift */ = {isa = PBXFileReference; fileEncoding = 4; lastKnownFileType = sourcecode.swift; path = DetailVC.swift; sourceTree = "<group>"; };
		0713B3A21FFA593D005C8B11 /* EventsVC.swift */ = {isa = PBXFileReference; fileEncoding = 4; lastKnownFileType = sourcecode.swift; path = EventsVC.swift; sourceTree = "<group>"; };
		0713B3A31FFA593D005C8B11 /* HomeVC.swift */ = {isa = PBXFileReference; fileEncoding = 4; lastKnownFileType = sourcecode.swift; path = HomeVC.swift; sourceTree = "<group>"; };
		0713B3A41FFA593D005C8B11 /* LoginVC.swift */ = {isa = PBXFileReference; fileEncoding = 4; lastKnownFileType = sourcecode.swift; path = LoginVC.swift; sourceTree = "<group>"; };
		0713B3A51FFA593D005C8B11 /* RegisterVC.swift */ = {isa = PBXFileReference; fileEncoding = 4; lastKnownFileType = sourcecode.swift; path = RegisterVC.swift; sourceTree = "<group>"; };
		0713B3AC1FFA595B005C8B11 /* HomeVCCell.swift */ = {isa = PBXFileReference; fileEncoding = 4; lastKnownFileType = sourcecode.swift; path = HomeVCCell.swift; sourceTree = "<group>"; };
		0724E3851FF27D04001D6AE2 /* Event Management.app */ = {isa = PBXFileReference; explicitFileType = wrapper.application; includeInIndex = 0; path = "Event Management.app"; sourceTree = BUILT_PRODUCTS_DIR; };
		0724E3881FF27D04001D6AE2 /* AppDelegate.swift */ = {isa = PBXFileReference; lastKnownFileType = sourcecode.swift; path = AppDelegate.swift; sourceTree = "<group>"; };
		0724E38D1FF27D04001D6AE2 /* Base */ = {isa = PBXFileReference; lastKnownFileType = file.storyboard; name = Base; path = Base.lproj/Main.storyboard; sourceTree = "<group>"; };
		0724E38F1FF27D04001D6AE2 /* Assets.xcassets */ = {isa = PBXFileReference; lastKnownFileType = folder.assetcatalog; path = Assets.xcassets; sourceTree = "<group>"; };
		0724E3921FF27D04001D6AE2 /* Base */ = {isa = PBXFileReference; lastKnownFileType = file.storyboard; name = Base; path = Base.lproj/LaunchScreen.storyboard; sourceTree = "<group>"; };
		0724E3941FF27D04001D6AE2 /* Info.plist */ = {isa = PBXFileReference; lastKnownFileType = text.plist.xml; path = Info.plist; sourceTree = "<group>"; };
		0724E39C1FF27D3F001D6AE2 /* Constant.swift */ = {isa = PBXFileReference; fileEncoding = 4; lastKnownFileType = sourcecode.swift; path = Constant.swift; sourceTree = "<group>"; };
		073A546C2013770300704AEC /* RatingCell.swift */ = {isa = PBXFileReference; fileEncoding = 4; lastKnownFileType = sourcecode.swift; path = RatingCell.swift; sourceTree = "<group>"; };
		079F5E71200CC4C80028289E /* HomeVCModel.swift */ = {isa = PBXFileReference; fileEncoding = 4; lastKnownFileType = sourcecode.swift; path = HomeVCModel.swift; sourceTree = "<group>"; };
		07DC3EFD20132A3B00F28B5A /* BookingVCCell.swift */ = {isa = PBXFileReference; fileEncoding = 4; lastKnownFileType = sourcecode.swift; path = BookingVCCell.swift; sourceTree = "<group>"; };
		07DF5EF2200F06A300142EFF /* Reachability.swift */ = {isa = PBXFileReference; fileEncoding = 4; lastKnownFileType = sourcecode.swift; path = Reachability.swift; sourceTree = "<group>"; };
		07E49F872010662900F1CFB0 /* GoogleService-Info.plist */ = {isa = PBXFileReference; fileEncoding = 4; lastKnownFileType = text.plist.xml; path = "GoogleService-Info.plist"; sourceTree = "<group>"; };
		07E49F8920107FDF00F1CFB0 /* BookingVC.swift */ = {isa = PBXFileReference; fileEncoding = 4; lastKnownFileType = sourcecode.swift; path = BookingVC.swift; sourceTree = "<group>"; };
		07E7D2CD20171ADE00334DC6 /* AdminLoginVC.swift */ = {isa = PBXFileReference; fileEncoding = 4; lastKnownFileType = sourcecode.swift; path = AdminLoginVC.swift; sourceTree = "<group>"; };
		07E7D2CF20171B8200334DC6 /* AdminHomeVC.swift */ = {isa = PBXFileReference; fileEncoding = 4; lastKnownFileType = sourcecode.swift; path = AdminHomeVC.swift; sourceTree = "<group>"; };
		6E1D153B5B74CDE8E6867765 /* Pods-Event Management.release.xcconfig */ = {isa = PBXFileReference; includeInIndex = 1; lastKnownFileType = text.xcconfig; name = "Pods-Event Management.release.xcconfig"; path = "Pods/Target Support Files/Pods-Event Management/Pods-Event Management.release.xcconfig"; sourceTree = "<group>"; };
		C870F2C970A45FB43E2A18E9 /* Pods_Event_Management.framework */ = {isa = PBXFileReference; explicitFileType = wrapper.framework; includeInIndex = 0; path = Pods_Event_Management.framework; sourceTree = BUILT_PRODUCTS_DIR; };
		EF300D232C8BD921B66917E1 /* Pods-Event Management.debug.xcconfig */ = {isa = PBXFileReference; includeInIndex = 1; lastKnownFileType = text.xcconfig; name = "Pods-Event Management.debug.xcconfig"; path = "Pods/Target Support Files/Pods-Event Management/Pods-Event Management.debug.xcconfig"; sourceTree = "<group>"; };
/* End PBXFileReference section */

/* Begin PBXFrameworksBuildPhase section */
		0724E3821FF27D04001D6AE2 /* Frameworks */ = {
			isa = PBXFrameworksBuildPhase;
			buildActionMask = 2147483647;
			files = (
				EEFD4B99D413EE5A3BEC99A8 /* Pods_Event_Management.framework in Frameworks */,
			);
			runOnlyForDeploymentPostprocessing = 0;
		};
/* End PBXFrameworksBuildPhase section */

/* Begin PBXGroup section */
		0713B3991FFA5836005C8B11 /* Model */ = {
			isa = PBXGroup;
			children = (
				079F5E71200CC4C80028289E /* HomeVCModel.swift */,
			);
			path = Model;
			sourceTree = "<group>";
		};
		0713B39C1FFA587F005C8B11 /* Controller */ = {
			isa = PBXGroup;
			children = (
				0713B3A01FFA593D005C8B11 /* DetailOfDetailVC.swift */,
				0713B3A11FFA593D005C8B11 /* DetailVC.swift */,
				0713B3A21FFA593D005C8B11 /* EventsVC.swift */,
				0713B3A31FFA593D005C8B11 /* HomeVC.swift */,
				0713B3A41FFA593D005C8B11 /* LoginVC.swift */,
				0713B3A51FFA593D005C8B11 /* RegisterVC.swift */,
				07E49F8920107FDF00F1CFB0 /* BookingVC.swift */,
				07E7D2CD20171ADE00334DC6 /* AdminLoginVC.swift */,
				07E7D2CF20171B8200334DC6 /* AdminHomeVC.swift */,
				07124F262018550900ADFB75 /* AdminRegisterVC.swift */,
				07124F2A2018665E00ADFB75 /* BookedEventsVC.swift */,
			);
			path = Controller;
			sourceTree = "<group>";
		};
		0713B39D1FFA587F005C8B11 /* View */ = {
			isa = PBXGroup;
			children = (
				0713B3AC1FFA595B005C8B11 /* HomeVCCell.swift */,
				07DC3EFD20132A3B00F28B5A /* BookingVCCell.swift */,
				073A546C2013770300704AEC /* RatingCell.swift */,
				07124F282018662400ADFB75 /* BookedEventsCell.swift */,
			);
			path = View;
			sourceTree = "<group>";
		};
		0724E37C1FF27D03001D6AE2 = {
			isa = PBXGroup;
			children = (
				0724E3871FF27D04001D6AE2 /* Event Management */,
				0724E3861FF27D04001D6AE2 /* Products */,
				73CC3F3BB1732D5D1BF11F26 /* Pods */,
				1E96F16DE11C6E9A2BE59FE3 /* Frameworks */,
			);
			sourceTree = "<group>";
		};
		0724E3861FF27D04001D6AE2 /* Products */ = {
			isa = PBXGroup;
			children = (
				0724E3851FF27D04001D6AE2 /* Event Management.app */,
			);
			name = Products;
			sourceTree = "<group>";
		};
		0724E3871FF27D04001D6AE2 /* Event Management */ = {
			isa = PBXGroup;
			children = (
				0724E3881FF27D04001D6AE2 /* AppDelegate.swift */,
				0724E38F1FF27D04001D6AE2 /* Assets.xcassets */,
				0724E3911FF27D04001D6AE2 /* LaunchScreen.storyboard */,
				0724E38C1FF27D04001D6AE2 /* Main.storyboard */,
				0724E3941FF27D04001D6AE2 /* Info.plist */,
				0713B3991FFA5836005C8B11 /* Model */,
				0713B39C1FFA587F005C8B11 /* Controller */,
				0713B39D1FFA587F005C8B11 /* View */,
				0724E39C1FF27D3F001D6AE2 /* Constant.swift */,
				07E49F872010662900F1CFB0 /* GoogleService-Info.plist */,
				07DF5EF2200F06A300142EFF /* Reachability.swift */,
			);
			path = "Event Management";
			sourceTree = "<group>";
		};
		1E96F16DE11C6E9A2BE59FE3 /* Frameworks */ = {
			isa = PBXGroup;
			children = (
				C870F2C970A45FB43E2A18E9 /* Pods_Event_Management.framework */,
			);
			name = Frameworks;
			sourceTree = "<group>";
		};
		73CC3F3BB1732D5D1BF11F26 /* Pods */ = {
			isa = PBXGroup;
			children = (
				EF300D232C8BD921B66917E1 /* Pods-Event Management.debug.xcconfig */,
				6E1D153B5B74CDE8E6867765 /* Pods-Event Management.release.xcconfig */,
			);
			name = Pods;
			sourceTree = "<group>";
		};
/* End PBXGroup section */

/* Begin PBXNativeTarget section */
		0724E3841FF27D04001D6AE2 /* Event Management */ = {
			isa = PBXNativeTarget;
			buildConfigurationList = 0724E3971FF27D04001D6AE2 /* Build configuration list for PBXNativeTarget "Event Management" */;
			buildPhases = (
				F0C88651A91701B39D42E4D1 /* [CP] Check Pods Manifest.lock */,
				0724E3811FF27D04001D6AE2 /* Sources */,
				0724E3821FF27D04001D6AE2 /* Frameworks */,
				0724E3831FF27D04001D6AE2 /* Resources */,
				DFC87DFDB5BB2078A8B39570 /* [CP] Embed Pods Frameworks */,
				1AD2B7B62119B1EFBF8699D3 /* [CP] Copy Pods Resources */,
			);
			buildRules = (
			);
			dependencies = (
			);
			name = "Event Management";
			productName = "Event Management";
			productReference = 0724E3851FF27D04001D6AE2 /* Event Management.app */;
			productType = "com.apple.product-type.application";
		};
/* End PBXNativeTarget section */

/* Begin PBXProject section */
		0724E37D1FF27D03001D6AE2 /* Project object */ = {
			isa = PBXProject;
			attributes = {
				LastSwiftUpdateCheck = 0820;
				LastUpgradeCheck = 0820;
				ORGANIZATIONNAME = cdac;
				TargetAttributes = {
					0724E3841FF27D04001D6AE2 = {
						CreatedOnToolsVersion = 8.2.1;
						DevelopmentTeam = CNUW2943D9;
						ProvisioningStyle = Automatic;
					};
				};
			};
			buildConfigurationList = 0724E3801FF27D03001D6AE2 /* Build configuration list for PBXProject "Event Management" */;
			compatibilityVersion = "Xcode 3.2";
			developmentRegion = English;
			hasScannedForEncodings = 0;
			knownRegions = (
				en,
				Base,
			);
			mainGroup = 0724E37C1FF27D03001D6AE2;
			productRefGroup = 0724E3861FF27D04001D6AE2 /* Products */;
			projectDirPath = "";
			projectRoot = "";
			targets = (
				0724E3841FF27D04001D6AE2 /* Event Management */,
			);
		};
/* End PBXProject section */

/* Begin PBXResourcesBuildPhase section */
		0724E3831FF27D04001D6AE2 /* Resources */ = {
			isa = PBXResourcesBuildPhase;
			buildActionMask = 2147483647;
			files = (
				0724E3931FF27D04001D6AE2 /* LaunchScreen.storyboard in Resources */,
				07E49F882010662900F1CFB0 /* GoogleService-Info.plist in Resources */,
				0724E3901FF27D04001D6AE2 /* Assets.xcassets in Resources */,
				0724E38E1FF27D04001D6AE2 /* Main.storyboard in Resources */,
			);
			runOnlyForDeploymentPostprocessing = 0;
		};
/* End PBXResourcesBuildPhase section */

/* Begin PBXShellScriptBuildPhase section */
		1AD2B7B62119B1EFBF8699D3 /* [CP] Copy Pods Resources */ = {
			isa = PBXShellScriptBuildPhase;
			buildActionMask = 12;
			files = (
			);
			inputPaths = (
				"${SRCROOT}/Pods/Target Support Files/Pods-Event Management/Pods-Event Management-resources.sh",
				$PODS_CONFIGURATION_BUILD_DIR/FirebaseUI/FirebaseAuthUI.bundle,
				$PODS_CONFIGURATION_BUILD_DIR/FirebaseUI/FirebaseFacebookAuthUI.bundle,
				$PODS_CONFIGURATION_BUILD_DIR/FirebaseUI/FirebaseGoogleAuthUI.bundle,
				$PODS_CONFIGURATION_BUILD_DIR/FirebaseUI/FirebasePhoneAuthUI.bundle,
				$PODS_CONFIGURATION_BUILD_DIR/FirebaseUI/FirebaseTwitterAuthUI.bundle,
				"${PODS_ROOT}/GoogleSignIn/Resources/GoogleSignIn.bundle",
				"${PODS_ROOT}/TwitterKit/iOS/TwitterKit.framework/TwitterKitResources.bundle",
				"${PODS_ROOT}/TwitterKit/iOS/TwitterKit.framework/TwitterShareExtensionUIResources.bundle",
			);
			name = "[CP] Copy Pods Resources";
			outputPaths = (
				"${TARGET_BUILD_DIR}/${UNLOCALIZED_RESOURCES_FOLDER_PATH}",
			);
			runOnlyForDeploymentPostprocessing = 0;
			shellPath = /bin/sh;
			shellScript = "\"${SRCROOT}/Pods/Target Support Files/Pods-Event Management/Pods-Event Management-resources.sh\"\n";
			showEnvVarsInLog = 0;
		};
		DFC87DFDB5BB2078A8B39570 /* [CP] Embed Pods Frameworks */ = {
			isa = PBXShellScriptBuildPhase;
			buildActionMask = 2147483647;
			files = (
			);
			inputPaths = (
				"${SRCROOT}/Pods/Target Support Files/Pods-Event Management/Pods-Event Management-frameworks.sh",
				"${BUILT_PRODUCTS_DIR}/GTMSessionFetcher/GTMSessionFetcher.framework",
				"${BUILT_PRODUCTS_DIR}/GoogleToolboxForMac/GoogleToolboxForMac.framework",
				"${BUILT_PRODUCTS_DIR}/Kingfisher/Kingfisher.framework",
				"${BUILT_PRODUCTS_DIR}/SVProgressHUD/SVProgressHUD.framework",
				"${BUILT_PRODUCTS_DIR}/leveldb-library/leveldb.framework",
				"${BUILT_PRODUCTS_DIR}/nanopb/nanopb.framework",
			);
			name = "[CP] Embed Pods Frameworks";
			outputPaths = (
				"${TARGET_BUILD_DIR}/${FRAMEWORKS_FOLDER_PATH}/GTMSessionFetcher.framework",
				"${TARGET_BUILD_DIR}/${FRAMEWORKS_FOLDER_PATH}/GoogleToolboxForMac.framework",
				"${TARGET_BUILD_DIR}/${FRAMEWORKS_FOLDER_PATH}/Kingfisher.framework",
				"${TARGET_BUILD_DIR}/${FRAMEWORKS_FOLDER_PATH}/SVProgressHUD.framework",
				"${TARGET_BUILD_DIR}/${FRAMEWORKS_FOLDER_PATH}/leveldb.framework",
				"${TARGET_BUILD_DIR}/${FRAMEWORKS_FOLDER_PATH}/nanopb.framework",
			);
			runOnlyForDeploymentPostprocessing = 0;
			shellPath = /bin/sh;
			shellScript = "\"${SRCROOT}/Pods/Target Support Files/Pods-Event Management/Pods-Event Management-frameworks.sh\"\n";
			showEnvVarsInLog = 0;
		};
		F0C88651A91701B39D42E4D1 /* [CP] Check Pods Manifest.lock */ = {
			isa = PBXShellScriptBuildPhase;
			buildActionMask = 2147483647;
			files = (
			);
			inputPaths = (
				"${PODS_PODFILE_DIR_PATH}/Podfile.lock",
				"${PODS_ROOT}/Manifest.lock",
			);
			name = "[CP] Check Pods Manifest.lock";
			outputPaths = (
				"$(DERIVED_FILE_DIR)/Pods-Event Management-checkManifestLockResult.txt",
			);
			runOnlyForDeploymentPostprocessing = 0;
			shellPath = /bin/sh;
			shellScript = "diff \"${PODS_PODFILE_DIR_PATH}/Podfile.lock\" \"${PODS_ROOT}/Manifest.lock\" > /dev/null\nif [ $? != 0 ] ; then\n    # print error to STDERR\n    echo \"error: The sandbox is not in sync with the Podfile.lock. Run 'pod install' or update your CocoaPods installation.\" >&2\n    exit 1\nfi\n# This output is used by Xcode 'outputs' to avoid re-running this script phase.\necho \"SUCCESS\" > \"${SCRIPT_OUTPUT_FILE_0}\"\n";
			showEnvVarsInLog = 0;
		};
/* End PBXShellScriptBuildPhase section */

/* Begin PBXSourcesBuildPhase section */
		0724E3811FF27D04001D6AE2 /* Sources */ = {
			isa = PBXSourcesBuildPhase;
			buildActionMask = 2147483647;
			files = (
				07E49F8A20107FDF00F1CFB0 /* BookingVC.swift in Sources */,
				0713B3A71FFA593D005C8B11 /* DetailVC.swift in Sources */,
				079F5E72200CC4C80028289E /* HomeVCModel.swift in Sources */,
				0713B3A91FFA593D005C8B11 /* HomeVC.swift in Sources */,
				07DC3EFE20132A3B00F28B5A /* BookingVCCell.swift in Sources */,
				0713B3AA1FFA593D005C8B11 /* LoginVC.swift in Sources */,
				07124F2B2018665E00ADFB75 /* BookedEventsVC.swift in Sources */,
				073A546D2013770300704AEC /* RatingCell.swift in Sources */,
				07E7D2D020171B8200334DC6 /* AdminHomeVC.swift in Sources */,
				0713B3AD1FFA595B005C8B11 /* HomeVCCell.swift in Sources */,
				07124F272018550900ADFB75 /* AdminRegisterVC.swift in Sources */,
				07124F292018662400ADFB75 /* BookedEventsCell.swift in Sources */,
				0724E3891FF27D04001D6AE2 /* AppDelegate.swift in Sources */,
				0713B3A61FFA593D005C8B11 /* DetailOfDetailVC.swift in Sources */,
				07DF5EF3200F06A300142EFF /* Reachability.swift in Sources */,
				0713B3AB1FFA593D005C8B11 /* RegisterVC.swift in Sources */,
				0724E39D1FF27D3F001D6AE2 /* Constant.swift in Sources */,
				0713B3A81FFA593D005C8B11 /* EventsVC.swift in Sources */,
				07E7D2CE20171ADE00334DC6 /* AdminLoginVC.swift in Sources */,
			);
			runOnlyForDeploymentPostprocessing = 0;
		};
/* End PBXSourcesBuildPhase section */

/* Begin PBXVariantGroup section */
		0724E38C1FF27D04001D6AE2 /* Main.storyboard */ = {
			isa = PBXVariantGroup;
			children = (
				0724E38D1FF27D04001D6AE2 /* Base */,
			);
			name = Main.storyboard;
			sourceTree = "<group>";
		};
		0724E3911FF27D04001D6AE2 /* LaunchScreen.storyboard */ = {
			isa = PBXVariantGroup;
			children = (
				0724E3921FF27D04001D6AE2 /* Base */,
			);
			name = LaunchScreen.storyboard;
			sourceTree = "<group>";
		};
/* End PBXVariantGroup section */

/* Begin XCBuildConfiguration section */
		0724E3951FF27D04001D6AE2 /* Debug */ = {
			isa = XCBuildConfiguration;
			buildSettings = {
				ALWAYS_SEARCH_USER_PATHS = NO;
				CLANG_ANALYZER_NONNULL = YES;
				CLANG_CXX_LANGUAGE_STANDARD = "gnu++0x";
				CLANG_CXX_LIBRARY = "libc++";
				CLANG_ENABLE_MODULES = YES;
				CLANG_ENABLE_OBJC_ARC = YES;
				CLANG_WARN_BOOL_CONVERSION = YES;
				CLANG_WARN_CONSTANT_CONVERSION = YES;
				CLANG_WARN_DIRECT_OBJC_ISA_USAGE = YES_ERROR;
				CLANG_WARN_DOCUMENTATION_COMMENTS = YES;
				CLANG_WARN_EMPTY_BODY = YES;
				CLANG_WARN_ENUM_CONVERSION = YES;
				CLANG_WARN_INFINITE_RECURSION = YES;
				CLANG_WARN_INT_CONVERSION = YES;
				CLANG_WARN_OBJC_ROOT_CLASS = YES_ERROR;
				CLANG_WARN_SUSPICIOUS_MOVE = YES;
				CLANG_WARN_UNREACHABLE_CODE = YES;
				CLANG_WARN__DUPLICATE_METHOD_MATCH = YES;
				"CODE_SIGN_IDENTITY[sdk=iphoneos*]" = "iPhone Developer";
				COPY_PHASE_STRIP = NO;
				DEBUG_INFORMATION_FORMAT = dwarf;
				ENABLE_STRICT_OBJC_MSGSEND = YES;
				ENABLE_TESTABILITY = YES;
				GCC_C_LANGUAGE_STANDARD = gnu99;
				GCC_DYNAMIC_NO_PIC = NO;
				GCC_NO_COMMON_BLOCKS = YES;
				GCC_OPTIMIZATION_LEVEL = 0;
				GCC_PREPROCESSOR_DEFINITIONS = (
					"DEBUG=1",
					"$(inherited)",
				);
				GCC_WARN_64_TO_32_BIT_CONVERSION = YES;
				GCC_WARN_ABOUT_RETURN_TYPE = YES_ERROR;
				GCC_WARN_UNDECLARED_SELECTOR = YES;
				GCC_WARN_UNINITIALIZED_AUTOS = YES_AGGRESSIVE;
				GCC_WARN_UNUSED_FUNCTION = YES;
				GCC_WARN_UNUSED_VARIABLE = YES;
				IPHONEOS_DEPLOYMENT_TARGET = 10.2;
				MTL_ENABLE_DEBUG_INFO = YES;
				ONLY_ACTIVE_ARCH = YES;
				SDKROOT = iphoneos;
				SWIFT_ACTIVE_COMPILATION_CONDITIONS = DEBUG;
				SWIFT_OPTIMIZATION_LEVEL = "-Onone";
			};
			name = Debug;
		};
		0724E3961FF27D04001D6AE2 /* Release */ = {
			isa = XCBuildConfiguration;
			buildSettings = {
				ALWAYS_SEARCH_USER_PATHS = NO;
				CLANG_ANALYZER_NONNULL = YES;
				CLANG_CXX_LANGUAGE_STANDARD = "gnu++0x";
				CLANG_CXX_LIBRARY = "libc++";
				CLANG_ENABLE_MODULES = YES;
				CLANG_ENABLE_OBJC_ARC = YES;
				CLANG_WARN_BOOL_CONVERSION = YES;
				CLANG_WARN_CONSTANT_CONVERSION = YES;
				CLANG_WARN_DIRECT_OBJC_ISA_USAGE = YES_ERROR;
				CLANG_WARN_DOCUMENTATION_COMMENTS = YES;
				CLANG_WARN_EMPTY_BODY = YES;
				CLANG_WARN_ENUM_CONVERSION = YES;
				CLANG_WARN_INFINITE_RECURSION = YES;
				CLANG_WARN_INT_CONVERSION = YES;
				CLANG_WARN_OBJC_ROOT_CLASS = YES_ERROR;
				CLANG_WARN_SUSPICIOUS_MOVE = YES;
				CLANG_WARN_UNREACHABLE_CODE = YES;
				CLANG_WARN__DUPLICATE_METHOD_MATCH = YES;
				"CODE_SIGN_IDENTITY[sdk=iphoneos*]" = "iPhone Developer";
				COPY_PHASE_STRIP = NO;
				DEBUG_INFORMATION_FORMAT = "dwarf-with-dsym";
				ENABLE_NS_ASSERTIONS = NO;
				ENABLE_STRICT_OBJC_MSGSEND = YES;
				GCC_C_LANGUAGE_STANDARD = gnu99;
				GCC_NO_COMMON_BLOCKS = YES;
				GCC_WARN_64_TO_32_BIT_CONVERSION = YES;
				GCC_WARN_ABOUT_RETURN_TYPE = YES_ERROR;
				GCC_WARN_UNDECLARED_SELECTOR = YES;
				GCC_WARN_UNINITIALIZED_AUTOS = YES_AGGRESSIVE;
				GCC_WARN_UNUSED_FUNCTION = YES;
				GCC_WARN_UNUSED_VARIABLE = YES;
				IPHONEOS_DEPLOYMENT_TARGET = 10.2;
				MTL_ENABLE_DEBUG_INFO = NO;
				SDKROOT = iphoneos;
				SWIFT_OPTIMIZATION_LEVEL = "-Owholemodule";
				VALIDATE_PRODUCT = YES;
			};
			name = Release;
		};
		0724E3981FF27D04001D6AE2 /* Debug */ = {
			isa = XCBuildConfiguration;
			baseConfigurationReference = EF300D232C8BD921B66917E1 /* Pods-Event Management.debug.xcconfig */;
			buildSettings = {
				ASSETCATALOG_COMPILER_APPICON_NAME = AppIcon;
				DEVELOPMENT_TEAM = CNUW2943D9;
				INFOPLIST_FILE = "Event Management/Info.plist";
				IPHONEOS_DEPLOYMENT_TARGET = 9.0;
				LD_RUNPATH_SEARCH_PATHS = "$(inherited) @executable_path/Frameworks";
				PRODUCT_BUNDLE_IDENTIFIER = "com.Event-Management";
				PRODUCT_NAME = "$(TARGET_NAME)";
				SWIFT_VERSION = 3.0;
			};
			name = Debug;
		};
		0724E3991FF27D04001D6AE2 /* Release */ = {
			isa = XCBuildConfiguration;
			baseConfigurationReference = 6E1D153B5B74CDE8E6867765 /* Pods-Event Management.release.xcconfig */;
			buildSettings = {
				ASSETCATALOG_COMPILER_APPICON_NAME = AppIcon;
				DEVELOPMENT_TEAM = CNUW2943D9;
				INFOPLIST_FILE = "Event Management/Info.plist";
				IPHONEOS_DEPLOYMENT_TARGET = 9.0;
				LD_RUNPATH_SEARCH_PATHS = "$(inherited) @executable_path/Frameworks";
				PRODUCT_BUNDLE_IDENTIFIER = "com.Event-Management";
				PRODUCT_NAME = "$(TARGET_NAME)";
				SWIFT_VERSION = 3.0;
			};
			name = Release;
		};
/* End XCBuildConfiguration section */

/* Begin XCConfigurationList section */
		0724E3801FF27D03001D6AE2 /* Build configuration list for PBXProject "Event Management" */ = {
			isa = XCConfigurationList;
			buildConfigurations = (
				0724E3951FF27D04001D6AE2 /* Debug */,
				0724E3961FF27D04001D6AE2 /* Release */,
			);
			defaultConfigurationIsVisible = 0;
			defaultConfigurationName = Release;
		};
		0724E3971FF27D04001D6AE2 /* Build configuration list for PBXNativeTarget "Event Management" */ = {
			isa = XCConfigurationList;
			buildConfigurations = (
				0724E3981FF27D04001D6AE2 /* Debug */,
				0724E3991FF27D04001D6AE2 /* Release */,
			);
			defaultConfigurationIsVisible = 0;
			defaultConfigurationName = Release;
		};
/* End XCConfigurationList section */
	};
	rootObject = 0724E37D1FF27D03001D6AE2 /* Project object */;
}
